
Microsoft Visual Studio Solution File, Format Version 10.00
# Visual Studio 2008
Project("{8BC9CEB8-8B4A-11D0-8D11-00A0C91BC942}") = "ruby-bayon", "ruby-bayon.vcproj", "{E37FF81F-A99B-4965-99F7-AC52AD9FDB1D}"
EndProject
Global
	GlobalSection(SubversionScc) = preSolution
		Svn-Managed = True
		Manager = AnkhSVN - Subversion Support for Visual Studio
	EndGlobalSection
	GlobalSection(SolutionConfigurationPlatforms) = preSolution
		Debug|Win32 = Debug|Win32
		Release|Win32 = Release|Win32
	EndGlobalSection
	GlobalSection(ProjectConfigurationPlatforms) = postSolution
		{E37FF81F-A99B-4965-99F7-AC52AD9FDB1D}.Debug|Win32.ActiveCfg = Debug|Win32
		{E37FF81F-A99B-4965-99F7-AC52AD9FDB1D}.Debug|Win32.Build.0 = Debug|Win32
		{E37FF81F-A99B-4965-99F7-AC52AD9FDB1D}.Release|Win32.ActiveCfg = Release|Win32
		{E37FF81F-A99B-4965-99F7-AC52AD9FDB1D}.Release|Win32.Build.0 = Release|Win32
	EndGlobalSection
	GlobalSection(SolutionProperties) = preSolution
		HideSolutionNode = FALSE
	EndGlobalSection
EndGlobal
